
Microsoft Visual Studio Solution File, Format Version 12.00
# Visual Studio Version 17
VisualStudioVersion = 17.3.32825.248
MinimumVisualStudioVersion = 10.0.40219.1
Project("{9A19103F-16F7-4668-BE54-9A1E7A4F7556}") = "Humongous.Healthcare.Web", "Humongous.Healthcare.Web.csproj", "{1BDD8A55-CAC1-4071-959F-996A4D8E4637}"
EndProject
Global
	GlobalSection(SolutionConfigurationPlatforms) = preSolution
		Debug|Any CPU = Debug|Any CPU
		Release|Any CPU = Release|Any CPU
	EndGlobalSection
	GlobalSection(ProjectConfigurationPlatforms) = postSolution
		{1BDD8A55-CAC1-4071-959F-996A4D8E4637}.Debug|Any CPU.ActiveCfg = Debug|Any CPU
		{1BDD8A55-CAC1-4071-959F-996A4D8E4637}.Debug|Any CPU.Build.0 = Debug|Any CPU
		{1BDD8A55-CAC1-4071-959F-996A4D8E4637}.Release|Any CPU.ActiveCfg = Release|Any CPU
		{1BDD8A55-CAC1-4071-959F-996A4D8E4637}.Release|Any CPU.Build.0 = Release|Any CPU
	EndGlobalSection
	GlobalSection(SolutionProperties) = preSolution
		HideSolutionNode = FALSE
	EndGlobalSection
	GlobalSection(ExtensibilityGlobals) = postSolution
		SolutionGuid = {4C8ABB8A-0A07-41E3-8249-121C15378EDA}
	EndGlobalSection
EndGlobal
